
Microsoft Visual Studio Solution File, Format Version 12.00
# Visual Studio Version 16
VisualStudioVersion = 16.0.33927.289
MinimumVisualStudioVersion = 10.0.40219.1
Project("{FAE04EC0-301F-11D3-BF4B-00C04F79EFBC}") = "GUI", "GUI\GUI.csproj", "{BE122BD2-9440-4D64-93F0-778B9687BF97}"
EndProject
Project("{FAE04EC0-301F-11D3-BF4B-00C04F79EFBC}") = "BUS", "BUS\BUS.csproj", "{D5E6BF52-24DD-4302-A6F5-52CFD61D80ED}"
EndProject
Project("{FAE04EC0-301F-11D3-BF4B-00C04F79EFBC}") = "DTO", "DTO\DTO.csproj", "{21BB3539-F223-483E-8212-F3622247C996}"
EndProject
Project("{FAE04EC0-301F-11D3-BF4B-00C04F79EFBC}") = "DAO", "DAO\DAO.csproj", "{79C7C567-E4ED-4B87-BD1E-BD01D47CB167}"
EndProject
Global
	GlobalSection(SolutionConfigurationPlatforms) = preSolution
		Debug|Any CPU = Debug|Any CPU
		Release|Any CPU = Release|Any CPU
	EndGlobalSection
	GlobalSection(ProjectConfigurationPlatforms) = postSolution
		{BE122BD2-9440-4D64-93F0-778B9687BF97}.Debug|Any CPU.ActiveCfg = Debug|Any CPU
		{BE122BD2-9440-4D64-93F0-778B9687BF97}.Debug|Any CPU.Build.0 = Debug|Any CPU
		{BE122BD2-9440-4D64-93F0-778B9687BF97}.Release|Any CPU.ActiveCfg = Release|Any CPU
		{BE122BD2-9440-4D64-93F0-778B9687BF97}.Release|Any CPU.Build.0 = Release|Any CPU
		{D5E6BF52-24DD-4302-A6F5-52CFD61D80ED}.Debug|Any CPU.ActiveCfg = Debug|Any CPU
		{D5E6BF52-24DD-4302-A6F5-52CFD61D80ED}.Debug|Any CPU.Build.0 = Debug|Any CPU
		{D5E6BF52-24DD-4302-A6F5-52CFD61D80ED}.Release|Any CPU.ActiveCfg = Release|Any CPU
		{D5E6BF52-24DD-4302-A6F5-52CFD61D80ED}.Release|Any CPU.Build.0 = Release|Any CPU
		{21BB3539-F223-483E-8212-F3622247C996}.Debug|Any CPU.ActiveCfg = Debug|Any CPU
		{21BB3539-F223-483E-8212-F3622247C996}.Debug|Any CPU.Build.0 = Debug|Any CPU
		{21BB3539-F223-483E-8212-F3622247C996}.Release|Any CPU.ActiveCfg = Release|Any CPU
		{21BB3539-F223-483E-8212-F3622247C996}.Release|Any CPU.Build.0 = Release|Any CPU
		{79C7C567-E4ED-4B87-BD1E-BD01D47CB167}.Debug|Any CPU.ActiveCfg = Debug|Any CPU
		{79C7C567-E4ED-4B87-BD1E-BD01D47CB167}.Debug|Any CPU.Build.0 = Debug|Any CPU
		{79C7C567-E4ED-4B87-BD1E-BD01D47CB167}.Release|Any CPU.ActiveCfg = Release|Any CPU
		{79C7C567-E4ED-4B87-BD1E-BD01D47CB167}.Release|Any CPU.Build.0 = Release|Any CPU
	EndGlobalSection
	GlobalSection(SolutionProperties) = preSolution
		HideSolutionNode = FALSE
	EndGlobalSection
	GlobalSection(ExtensibilityGlobals) = postSolution
		SolutionGuid = {69DF37ED-0F07-4CAD-88CB-9596421263E8}
	EndGlobalSection
EndGlobal
